{
  "originHash" : "38ea9c7fe25773563cec41baba8dea7c5bb133f8613a2e0f7fca1d18b25621ba",
  "pins" : [
    {
      "identity" : "cocoamqtt",
      "kind" : "remoteSourceControl",
      "location" : "https://github.com/emqx/CocoaMQTT.git",
      "state" : {
        "revision" : "990303d3549d4284fadd6c83ff8480e6ab0b4d42",
        "version" : "2.1.6"
      }
    },
    {
      "identity" : "mqttcocoaasyncsocket",
      "kind" : "remoteSourceControl",
      "location" : "https://github.com/leeway1208/MqttCocoaAsyncSocket",
      "state" : {
        "revision" : "ce3e18607fd01079495f86ff6195d8a3ca469f73",
        "version" : "1.0.8"
      }
    },
    {
      "identity" : "starscream",
      "kind" : "remoteSourceControl",
      "location" : "https://github.com/daltoniam/Starscream.git",
      "state" : {
        "revision" : "a063fda2b8145a231953c20e7a646be254365396",
        "version" : "3.1.2"
      }
    },
    {
      "identity" : "zipfoundation",
      "kind" : "remoteSourceControl",
      "location" : "https://github.com/weichsel/ZIPFoundation.git",
      "state" : {
        "revision" : "22787ffb59de99e5dc1fbfe80b19c97a904ad48d",
        "version" : "0.9.20"
      }
    }
  ],
  "version" : 3
}
